{
    "_meta": {
        "hash": {
            "sha256": "364161c29cc9b8ded9ef3c8f28e2ff314d2fb777a160fc61778403fee3947c50"
        },
        "pipfile-spec": 6,
        "requires": {
            "python_version": "2.7"
        },
        "sources": [
            {
                "name": "pypi",
                "url": "https://pypi.org/simple",
                "verify_ssl": true
            }
        ]
    },
    "default": {
        "attrs": {
            "hashes": [
                "sha256:69c0dbf2ed392de1cb5ec704444b08a5ef81680a61cb899dc08127123af36a79",
                "sha256:f0b870f674851ecbfbbbd364d6b5cbdff9dcedbc7f3f5e18a6891057f21fe399"
            ],
            "version": "==19.1.0"
        },
        "functools32": {
            "hashes": [
                "sha256:3c91e24f54da96766db203aaaad4b44f2b1b7d65cca4eed86721f03e0fd6024a",
                "sha256:89d824aa6c358c421a234d7f9ee0bd75933a67c29588ce50aaa3acdf4d403fa0",
                "sha256:f6253dfbe0538ad2e387bd8fdfd9293c925d63553f5813c4e587745416501e6d"
            ],
            "markers": "python_version < '3'",
            "version": "==3.2.3.post2"
        },
        "jsonschema": {
            "hashes": [
                "sha256:0c0a81564f181de3212efa2d17de1910f8732fa1b71c42266d983cd74304e20d",
                "sha256:a5f6559964a3851f59040d3b961de5e68e70971afb88ba519d27e6a039efff1a"
            ],
            "index": "pypi",
            "version": "==3.0.1"
        },
        "pyrsistent": {
            "hashes": [
                "sha256:34b47fa169d6006b32e99d4b3c4031f155e6e68ebcc107d6454852e8e0ee6533",
                "sha256:44505ba31043c801311ef02ffd6252acfecc46981b116f21380fdca718b06003"
            ],
            "version": "==0.15.4"
        },
        "six": {
            "hashes": [
                "sha256:3350809f0555b11f552448330d0b52d5f24c91a322ea4a15ef22629740f3761c",
                "sha256:d16a0141ec1a18405cd4ce8b4613101da75da0e9a7aec5bdd4fa804d0e0eba73"
            ],
            "version": "==1.12.0"
        }
    },
    "develop": {}
}
